
Microsoft Visual Studio Solution File, Format Version 12.00
# Visual Studio Version 17
VisualStudioVersion = 17.6.33815.320
MinimumVisualStudioVersion = 10.0.40219.1
Project("{FAE04EC0-301F-11D3-BF4B-00C04F79EFBC}") = "Phil's Library v.08", "Phil's Library v.08.csproj", "{F7BCF030-A1EE-43A5-8672-B414817063D3}"
EndProject
Global
	GlobalSection(SolutionConfigurationPlatforms) = preSolution
		Debug|Any CPU = Debug|Any CPU
		Release|Any CPU = Release|Any CPU
	EndGlobalSection
	GlobalSection(ProjectConfigurationPlatforms) = postSolution
		{F7BCF030-A1EE-43A5-8672-B414817063D3}.Debug|Any CPU.ActiveCfg = Debug|Any CPU
		{F7BCF030-A1EE-43A5-8672-B414817063D3}.Debug|Any CPU.Build.0 = Debug|Any CPU
		{F7BCF030-A1EE-43A5-8672-B414817063D3}.Release|Any CPU.ActiveCfg = Release|Any CPU
		{F7BCF030-A1EE-43A5-8672-B414817063D3}.Release|Any CPU.Build.0 = Release|Any CPU
	EndGlobalSection
	GlobalSection(SolutionProperties) = preSolution
		HideSolutionNode = FALSE
	EndGlobalSection
	GlobalSection(ExtensibilityGlobals) = postSolution
		SolutionGuid = {630ADBB6-7900-4EF4-9477-D09E120B2DFB}
	EndGlobalSection
EndGlobal
